{
  "name": "My Personal Portfolio",
  "lockfileVersion": 2,
  "requires": true,
  "packages": {
    "": {
      "dependencies": {
        "@glidejs/glide": "^3.6.0",
        "@splidejs/splide-extension-auto-scroll": "^0.5.3"
      }
    },
    "node_modules/@glidejs/glide": {
      "version": "3.6.0",
      "resolved": "https://registry.npmjs.org/@glidejs/glide/-/glide-3.6.0.tgz",
      "integrity": "sha512-47Aa+JmYjY4xTFpTtYCwrqirmI1arnp1UZETwtWpbTPisXUAuxrdJxKJLH8KHFWMsSrLi9+AcfyfzDIuO75rEA=="
    },
    "node_modules/@splidejs/splide-extension-auto-scroll": {
      "version": "0.5.3",
      "resolved": "https://registry.npmjs.org/@splidejs/splide-extension-auto-scroll/-/splide-extension-auto-scroll-0.5.3.tgz",
      "integrity": "sha512-vPJ8Tn4uebnHa6scBcIypW154HTDenkazX9Nw8T1na44n7OtLoz40R4RoirteV7taPWW7w7ZZPCiEpi2ReYFAQ=="
    }
  },
  "dependencies": {
    "@glidejs/glide": {
      "version": "3.6.0",
      "resolved": "https://registry.npmjs.org/@glidejs/glide/-/glide-3.6.0.tgz",
      "integrity": "sha512-47Aa+JmYjY4xTFpTtYCwrqirmI1arnp1UZETwtWpbTPisXUAuxrdJxKJLH8KHFWMsSrLi9+AcfyfzDIuO75rEA=="
    },
    "@splidejs/splide-extension-auto-scroll": {
      "version": "0.5.3",
      "resolved": "https://registry.npmjs.org/@splidejs/splide-extension-auto-scroll/-/splide-extension-auto-scroll-0.5.3.tgz",
      "integrity": "sha512-vPJ8Tn4uebnHa6scBcIypW154HTDenkazX9Nw8T1na44n7OtLoz40R4RoirteV7taPWW7w7ZZPCiEpi2ReYFAQ=="
    }
  }
}
